// !$*UTF8*$!
{
	archiveVersion = 1;
	classes = {
	};
	objectVersion = 50;
	objects = {

/* Begin PBXBuildFile section */
		4F4C515A66E096A0A990DBD5 /* libPods-RentMeMVP.a in Frameworks */ = {isa = PBXBuildFile; fileRef = FE477F7B24198D593183FE53 /* libPods-RentMeMVP.a */; };
		D38FE2132261A0D5002AADD5 /* PostDetailController.m in Sources */ = {isa = PBXBuildFile; fileRef = D38FE2122261A0D5002AADD5 /* PostDetailController.m */; };
		D3A5449C225C3DE300AC5647 /* AppDelegate.m in Sources */ = {isa = PBXBuildFile; fileRef = D3A5449B225C3DE300AC5647 /* AppDelegate.m */; };
		D3A5449F225C3DE300AC5647 /* ViewController.m in Sources */ = {isa = PBXBuildFile; fileRef = D3A5449E225C3DE300AC5647 /* ViewController.m */; };
		D3A544A2225C3DE300AC5647 /* Main.storyboard in Resources */ = {isa = PBXBuildFile; fileRef = D3A544A0225C3DE300AC5647 /* Main.storyboard */; };
		D3A544A4225C3DE400AC5647 /* Assets.xcassets in Resources */ = {isa = PBXBuildFile; fileRef = D3A544A3225C3DE400AC5647 /* Assets.xcassets */; };
		D3A544A7225C3DE400AC5647 /* LaunchScreen.storyboard in Resources */ = {isa = PBXBuildFile; fileRef = D3A544A5225C3DE400AC5647 /* LaunchScreen.storyboard */; };
		D3A544AA225C3DE400AC5647 /* main.m in Sources */ = {isa = PBXBuildFile; fileRef = D3A544A9225C3DE400AC5647 /* main.m */; };
		D3A544B1225C3E5B00AC5647 /* GoogleService-Info.plist in Resources */ = {isa = PBXBuildFile; fileRef = D3A544B0225C3E5B00AC5647 /* GoogleService-Info.plist */; };
		D3A544B3225C423D00AC5647 /* LoginController.m in Sources */ = {isa = PBXBuildFile; fileRef = D3A544B2225C423D00AC5647 /* LoginController.m */; };
		D3A544B5225C424C00AC5647 /* HomeController.m in Sources */ = {isa = PBXBuildFile; fileRef = D3A544B4225C424C00AC5647 /* HomeController.m */; };
/* End PBXBuildFile section */

/* Begin PBXFileReference section */
		009450D309FE1FBE7C1385C2 /* Pods-RentMeMVP.debug.xcconfig */ = {isa = PBXFileReference; includeInIndex = 1; lastKnownFileType = text.xcconfig; name = "Pods-RentMeMVP.debug.xcconfig"; path = "Target Support Files/Pods-RentMeMVP/Pods-RentMeMVP.debug.xcconfig"; sourceTree = "<group>"; };
		1AB1B867CE1B013548AB80AF /* Pods-RentMeMVP.release.xcconfig */ = {isa = PBXFileReference; includeInIndex = 1; lastKnownFileType = text.xcconfig; name = "Pods-RentMeMVP.release.xcconfig"; path = "Target Support Files/Pods-RentMeMVP/Pods-RentMeMVP.release.xcconfig"; sourceTree = "<group>"; };
		D38FE2112261A0D5002AADD5 /* PostDetailController.h */ = {isa = PBXFileReference; lastKnownFileType = sourcecode.c.h; path = PostDetailController.h; sourceTree = "<group>"; };
		D38FE2122261A0D5002AADD5 /* PostDetailController.m */ = {isa = PBXFileReference; lastKnownFileType = sourcecode.c.objc; path = PostDetailController.m; sourceTree = "<group>"; };
		D3A54497225C3DE300AC5647 /* RentMeMVP.app */ = {isa = PBXFileReference; explicitFileType = wrapper.application; includeInIndex = 0; path = RentMeMVP.app; sourceTree = BUILT_PRODUCTS_DIR; };
		D3A5449A225C3DE300AC5647 /* AppDelegate.h */ = {isa = PBXFileReference; lastKnownFileType = sourcecode.c.h; path = AppDelegate.h; sourceTree = "<group>"; };
		D3A5449B225C3DE300AC5647 /* AppDelegate.m */ = {isa = PBXFileReference; lastKnownFileType = sourcecode.c.objc; path = AppDelegate.m; sourceTree = "<group>"; };
		D3A5449D225C3DE300AC5647 /* ViewController.h */ = {isa = PBXFileReference; lastKnownFileType = sourcecode.c.h; path = ViewController.h; sourceTree = "<group>"; };
		D3A5449E225C3DE300AC5647 /* ViewController.m */ = {isa = PBXFileReference; lastKnownFileType = sourcecode.c.objc; path = ViewController.m; sourceTree = "<group>"; };
		D3A544A1225C3DE300AC5647 /* Base */ = {isa = PBXFileReference; lastKnownFileType = file.storyboard; name = Base; path = Base.lproj/Main.storyboard; sourceTree = "<group>"; };
		D3A544A3225C3DE400AC5647 /* Assets.xcassets */ = {isa = PBXFileReference; lastKnownFileType = folder.assetcatalog; path = Assets.xcassets; sourceTree = "<group>"; };
		D3A544A6225C3DE400AC5647 /* Base */ = {isa = PBXFileReference; lastKnownFileType = file.storyboard; name = Base; path = Base.lproj/LaunchScreen.storyboard; sourceTree = "<group>"; };
		D3A544A8225C3DE400AC5647 /* Info.plist */ = {isa = PBXFileReference; lastKnownFileType = text.plist.xml; path = Info.plist; sourceTree = "<group>"; };
		D3A544A9225C3DE400AC5647 /* main.m */ = {isa = PBXFileReference; lastKnownFileType = sourcecode.c.objc; path = main.m; sourceTree = "<group>"; };
		D3A544B0225C3E5B00AC5647 /* GoogleService-Info.plist */ = {isa = PBXFileReference; fileEncoding = 4; lastKnownFileType = text.plist.xml; path = "GoogleService-Info.plist"; sourceTree = "<group>"; };
		D3A544B2225C423D00AC5647 /* LoginController.m */ = {isa = PBXFileReference; lastKnownFileType = sourcecode.c.objc; path = LoginController.m; sourceTree = "<group>"; };
		D3A544B4225C424C00AC5647 /* HomeController.m */ = {isa = PBXFileReference; lastKnownFileType = sourcecode.c.objc; path = HomeController.m; sourceTree = "<group>"; };
		D3A544B6225C425D00AC5647 /* HomeController.h */ = {isa = PBXFileReference; lastKnownFileType = sourcecode.c.h; path = HomeController.h; sourceTree = "<group>"; };
		D3A544B7225C426D00AC5647 /* LoginController.h */ = {isa = PBXFileReference; lastKnownFileType = sourcecode.c.h; path = LoginController.h; sourceTree = "<group>"; };
		FE477F7B24198D593183FE53 /* libPods-RentMeMVP.a */ = {isa = PBXFileReference; explicitFileType = archive.ar; includeInIndex = 0; path = "libPods-RentMeMVP.a"; sourceTree = BUILT_PRODUCTS_DIR; };
/* End PBXFileReference section */

/* Begin PBXFrameworksBuildPhase section */
		D3A54494225C3DE300AC5647 /* Frameworks */ = {
			isa = PBXFrameworksBuildPhase;
			buildActionMask = 2147483647;
			files = (
				4F4C515A66E096A0A990DBD5 /* libPods-RentMeMVP.a in Frameworks */,
			);
			runOnlyForDeploymentPostprocessing = 0;
		};
/* End PBXFrameworksBuildPhase section */

/* Begin PBXGroup section */
		B63DA69F6520BDE38D7365E3 /* Frameworks */ = {
			isa = PBXGroup;
			children = (
				FE477F7B24198D593183FE53 /* libPods-RentMeMVP.a */,
			);
			name = Frameworks;
			sourceTree = "<group>";
		};
		C36014A7AD43E3B788C54CC4 /* Pods */ = {
			isa = PBXGroup;
			children = (
				009450D309FE1FBE7C1385C2 /* Pods-RentMeMVP.debug.xcconfig */,
				1AB1B867CE1B013548AB80AF /* Pods-RentMeMVP.release.xcconfig */,
			);
			path = Pods;
			sourceTree = "<group>";
		};
		D3A5448E225C3DE300AC5647 = {
			isa = PBXGroup;
			children = (
				D3A54499225C3DE300AC5647 /* RentMeMVP */,
				D3A54498225C3DE300AC5647 /* Products */,
				C36014A7AD43E3B788C54CC4 /* Pods */,
				B63DA69F6520BDE38D7365E3 /* Frameworks */,
			);
			sourceTree = "<group>";
		};
		D3A54498225C3DE300AC5647 /* Products */ = {
			isa = PBXGroup;
			children = (
				D3A54497225C3DE300AC5647 /* RentMeMVP.app */,
			);
			name = Products;
			sourceTree = "<group>";
		};
		D3A54499225C3DE300AC5647 /* RentMeMVP */ = {
			isa = PBXGroup;
			children = (
				D3A5449A225C3DE300AC5647 /* AppDelegate.h */,
				D3A5449B225C3DE300AC5647 /* AppDelegate.m */,
				D3A5449D225C3DE300AC5647 /* ViewController.h */,
				D3A5449E225C3DE300AC5647 /* ViewController.m */,
				D3A544A0225C3DE300AC5647 /* Main.storyboard */,
				D3A544B6225C425D00AC5647 /* HomeController.h */,
				D3A544A3225C3DE400AC5647 /* Assets.xcassets */,
				D38FE2112261A0D5002AADD5 /* PostDetailController.h */,
				D38FE2122261A0D5002AADD5 /* PostDetailController.m */,
				D3A544B7225C426D00AC5647 /* LoginController.h */,
				D3A544A5225C3DE400AC5647 /* LaunchScreen.storyboard */,
				D3A544B4225C424C00AC5647 /* HomeController.m */,
				D3A544B2225C423D00AC5647 /* LoginController.m */,
				D3A544A8225C3DE400AC5647 /* Info.plist */,
				D3A544A9225C3DE400AC5647 /* main.m */,
				D3A544B0225C3E5B00AC5647 /* GoogleService-Info.plist */,
			);
			path = RentMeMVP;
			sourceTree = "<group>";
		};
/* End PBXGroup section */

/* Begin PBXNativeTarget section */
		D3A54496225C3DE300AC5647 /* RentMeMVP */ = {
			isa = PBXNativeTarget;
			buildConfigurationList = D3A544AD225C3DE400AC5647 /* Build configuration list for PBXNativeTarget "RentMeMVP" */;
			buildPhases = (
				EDCAC829F105B06842C41CE6 /* [CP] Check Pods Manifest.lock */,
				D3A54493225C3DE300AC5647 /* Sources */,
				D3A54494225C3DE300AC5647 /* Frameworks */,
				D3A54495225C3DE300AC5647 /* Resources */,
			);
			buildRules = (
			);
			dependencies = (
			);
			name = RentMeMVP;
			productName = RentMeMVP;
			productReference = D3A54497225C3DE300AC5647 /* RentMeMVP.app */;
			productType = "com.apple.product-type.application";
		};
/* End PBXNativeTarget section */

/* Begin PBXProject section */
		D3A5448F225C3DE300AC5647 /* Project object */ = {
			isa = PBXProject;
			attributes = {
				KnownAssetTags = (
					register,
				);
				LastUpgradeCheck = 1020;
				ORGANIZATIONNAME = "Mizuki Zenta";
				TargetAttributes = {
					D3A54496225C3DE300AC5647 = {
						CreatedOnToolsVersion = 10.2;
					};
				};
			};
			buildConfigurationList = D3A54492225C3DE300AC5647 /* Build configuration list for PBXProject "RentMeMVP" */;
			compatibilityVersion = "Xcode 9.3";
			developmentRegion = en;
			hasScannedForEncodings = 0;
			knownRegions = (
				en,
				Base,
			);
			mainGroup = D3A5448E225C3DE300AC5647;
			productRefGroup = D3A54498225C3DE300AC5647 /* Products */;
			projectDirPath = "";
			projectRoot = "";
			targets = (
				D3A54496225C3DE300AC5647 /* RentMeMVP */,
			);
		};
/* End PBXProject section */

/* Begin PBXResourcesBuildPhase section */
		D3A54495225C3DE300AC5647 /* Resources */ = {
			isa = PBXResourcesBuildPhase;
			buildActionMask = 2147483647;
			files = (
				D3A544A7225C3DE400AC5647 /* LaunchScreen.storyboard in Resources */,
				D3A544B1225C3E5B00AC5647 /* GoogleService-Info.plist in Resources */,
				D3A544A4225C3DE400AC5647 /* Assets.xcassets in Resources */,
				D3A544A2225C3DE300AC5647 /* Main.storyboard in Resources */,
			);
			runOnlyForDeploymentPostprocessing = 0;
		};
/* End PBXResourcesBuildPhase section */

/* Begin PBXShellScriptBuildPhase section */
		EDCAC829F105B06842C41CE6 /* [CP] Check Pods Manifest.lock */ = {
			isa = PBXShellScriptBuildPhase;
			buildActionMask = 2147483647;
			files = (
			);
			inputFileListPaths = (
			);
			inputPaths = (
				"${PODS_PODFILE_DIR_PATH}/Podfile.lock",
				"${PODS_ROOT}/Manifest.lock",
			);
			name = "[CP] Check Pods Manifest.lock";
			outputFileListPaths = (
			);
			outputPaths = (
				"$(DERIVED_FILE_DIR)/Pods-RentMeMVP-checkManifestLockResult.txt",
			);
			runOnlyForDeploymentPostprocessing = 0;
			shellPath = /bin/sh;
			shellScript = "diff \"${PODS_PODFILE_DIR_PATH}/Podfile.lock\" \"${PODS_ROOT}/Manifest.lock\" > /dev/null\nif [ $? != 0 ] ; then\n    # print error to STDERR\n    echo \"error: The sandbox is not in sync with the Podfile.lock. Run 'pod install' or update your CocoaPods installation.\" >&2\n    exit 1\nfi\n# This output is used by Xcode 'outputs' to avoid re-running this script phase.\necho \"SUCCESS\" > \"${SCRIPT_OUTPUT_FILE_0}\"\n";
			showEnvVarsInLog = 0;
		};
/* End PBXShellScriptBuildPhase section */

/* Begin PBXSourcesBuildPhase section */
		D3A54493225C3DE300AC5647 /* Sources */ = {
			isa = PBXSourcesBuildPhase;
			buildActionMask = 2147483647;
			files = (
				D38FE2132261A0D5002AADD5 /* PostDetailController.m in Sources */,
				D3A5449F225C3DE300AC5647 /* ViewController.m in Sources */,
				D3A544B3225C423D00AC5647 /* LoginController.m in Sources */,
				D3A544AA225C3DE400AC5647 /* main.m in Sources */,
				D3A544B5225C424C00AC5647 /* HomeController.m in Sources */,
				D3A5449C225C3DE300AC5647 /* AppDelegate.m in Sources */,
			);
			runOnlyForDeploymentPostprocessing = 0;
		};
/* End PBXSourcesBuildPhase section */

/* Begin PBXVariantGroup section */
		D3A544A0225C3DE300AC5647 /* Main.storyboard */ = {
			isa = PBXVariantGroup;
			children = (
				D3A544A1225C3DE300AC5647 /* Base */,
			);
			name = Main.storyboard;
			sourceTree = "<group>";
		};
		D3A544A5225C3DE400AC5647 /* LaunchScreen.storyboard */ = {
			isa = PBXVariantGroup;
			children = (
				D3A544A6225C3DE400AC5647 /* Base */,
			);
			name = LaunchScreen.storyboard;
			sourceTree = "<group>";
		};
/* End PBXVariantGroup section */

/* Begin XCBuildConfiguration section */
		D3A544AB225C3DE400AC5647 /* Debug */ = {
			isa = XCBuildConfiguration;
			buildSettings = {
				ALWAYS_SEARCH_USER_PATHS = NO;
				CLANG_ANALYZER_NONNULL = YES;
				CLANG_ANALYZER_NUMBER_OBJECT_CONVERSION = YES_AGGRESSIVE;
				CLANG_CXX_LANGUAGE_STANDARD = "gnu++14";
				CLANG_CXX_LIBRARY = "libc++";
				CLANG_ENABLE_MODULES = YES;
				CLANG_ENABLE_OBJC_ARC = YES;
				CLANG_ENABLE_OBJC_WEAK = YES;
				CLANG_WARN_BLOCK_CAPTURE_AUTORELEASING = YES;
				CLANG_WARN_BOOL_CONVERSION = YES;
				CLANG_WARN_COMMA = YES;
				CLANG_WARN_CONSTANT_CONVERSION = YES;
				CLANG_WARN_DEPRECATED_OBJC_IMPLEMENTATIONS = YES;
				CLANG_WARN_DIRECT_OBJC_ISA_USAGE = YES_ERROR;
				CLANG_WARN_DOCUMENTATION_COMMENTS = YES;
				CLANG_WARN_EMPTY_BODY = YES;
				CLANG_WARN_ENUM_CONVERSION = YES;
				CLANG_WARN_INFINITE_RECURSION = YES;
				CLANG_WARN_INT_CONVERSION = YES;
				CLANG_WARN_NON_LITERAL_NULL_CONVERSION = YES;
				CLANG_WARN_OBJC_IMPLICIT_RETAIN_SELF = YES;
				CLANG_WARN_OBJC_LITERAL_CONVERSION = YES;
				CLANG_WARN_OBJC_ROOT_CLASS = YES_ERROR;
				CLANG_WARN_RANGE_LOOP_ANALYSIS = YES;
				CLANG_WARN_STRICT_PROTOTYPES = YES;
				CLANG_WARN_SUSPICIOUS_MOVE = YES;
				CLANG_WARN_UNGUARDED_AVAILABILITY = YES_AGGRESSIVE;
				CLANG_WARN_UNREACHABLE_CODE = YES;
				CLANG_WARN__DUPLICATE_METHOD_MATCH = YES;
				CODE_SIGN_IDENTITY = "iPhone Developer";
				COPY_PHASE_STRIP = NO;
				DEBUG_INFORMATION_FORMAT = dwarf;
				ENABLE_STRICT_OBJC_MSGSEND = YES;
				ENABLE_TESTABILITY = YES;
				GCC_C_LANGUAGE_STANDARD = gnu11;
				GCC_DYNAMIC_NO_PIC = NO;
				GCC_NO_COMMON_BLOCKS = YES;
				GCC_OPTIMIZATION_LEVEL = 0;
				GCC_PREPROCESSOR_DEFINITIONS = (
					"DEBUG=1",
					"$(inherited)",
				);
				GCC_WARN_64_TO_32_BIT_CONVERSION = YES;
				GCC_WARN_ABOUT_RETURN_TYPE = YES_ERROR;
				GCC_WARN_UNDECLARED_SELECTOR = YES;
				GCC_WARN_UNINITIALIZED_AUTOS = YES_AGGRESSIVE;
				GCC_WARN_UNUSED_FUNCTION = YES;
				GCC_WARN_UNUSED_VARIABLE = YES;
				IPHONEOS_DEPLOYMENT_TARGET = 12.2;
				MTL_ENABLE_DEBUG_INFO = INCLUDE_SOURCE;
				MTL_FAST_MATH = YES;
				ONLY_ACTIVE_ARCH = YES;
				SDKROOT = iphoneos;
			};
			name = Debug;
		};
		D3A544AC225C3DE400AC5647 /* Release */ = {
			isa = XCBuildConfiguration;
			buildSettings = {
				ALWAYS_SEARCH_USER_PATHS = NO;
				CLANG_ANALYZER_NONNULL = YES;
				CLANG_ANALYZER_NUMBER_OBJECT_CONVERSION = YES_AGGRESSIVE;
				CLANG_CXX_LANGUAGE_STANDARD = "gnu++14";
				CLANG_CXX_LIBRARY = "libc++";
				CLANG_ENABLE_MODULES = YES;
				CLANG_ENABLE_OBJC_ARC = YES;
				CLANG_ENABLE_OBJC_WEAK = YES;
				CLANG_WARN_BLOCK_CAPTURE_AUTORELEASING = YES;
				CLANG_WARN_BOOL_CONVERSION = YES;
				CLANG_WARN_COMMA = YES;
				CLANG_WARN_CONSTANT_CONVERSION = YES;
				CLANG_WARN_DEPRECATED_OBJC_IMPLEMENTATIONS = YES;
				CLANG_WARN_DIRECT_OBJC_ISA_USAGE = YES_ERROR;
				CLANG_WARN_DOCUMENTATION_COMMENTS = YES;
				CLANG_WARN_EMPTY_BODY = YES;
				CLANG_WARN_ENUM_CONVERSION = YES;
				CLANG_WARN_INFINITE_RECURSION = YES;
				CLANG_WARN_INT_CONVERSION = YES;
				CLANG_WARN_NON_LITERAL_NULL_CONVERSION = YES;
				CLANG_WARN_OBJC_IMPLICIT_RETAIN_SELF = YES;
				CLANG_WARN_OBJC_LITERAL_CONVERSION = YES;
				CLANG_WARN_OBJC_ROOT_CLASS = YES_ERROR;
				CLANG_WARN_RANGE_LOOP_ANALYSIS = YES;
				CLANG_WARN_STRICT_PROTOTYPES = YES;
				CLANG_WARN_SUSPICIOUS_MOVE = YES;
				CLANG_WARN_UNGUARDED_AVAILABILITY = YES_AGGRESSIVE;
				CLANG_WARN_UNREACHABLE_CODE = YES;
				CLANG_WARN__DUPLICATE_METHOD_MATCH = YES;
				CODE_SIGN_IDENTITY = "iPhone Developer";
				COPY_PHASE_STRIP = NO;
				DEBUG_INFORMATION_FORMAT = "dwarf-with-dsym";
				ENABLE_NS_ASSERTIONS = NO;
				ENABLE_STRICT_OBJC_MSGSEND = YES;
				GCC_C_LANGUAGE_STANDARD = gnu11;
				GCC_NO_COMMON_BLOCKS = YES;
				GCC_WARN_64_TO_32_BIT_CONVERSION = YES;
				GCC_WARN_ABOUT_RETURN_TYPE = YES_ERROR;
				GCC_WARN_UNDECLARED_SELECTOR = YES;
				GCC_WARN_UNINITIALIZED_AUTOS = YES_AGGRESSIVE;
				GCC_WARN_UNUSED_FUNCTION = YES;
				GCC_WARN_UNUSED_VARIABLE = YES;
				IPHONEOS_DEPLOYMENT_TARGET = 12.2;
				MTL_ENABLE_DEBUG_INFO = NO;
				MTL_FAST_MATH = YES;
				SDKROOT = iphoneos;
				VALIDATE_PRODUCT = YES;
			};
			name = Release;
		};
		D3A544AE225C3DE400AC5647 /* Debug */ = {
			isa = XCBuildConfiguration;
			baseConfigurationReference = 009450D309FE1FBE7C1385C2 /* Pods-RentMeMVP.debug.xcconfig */;
			buildSettings = {
				ASSETCATALOG_COMPILER_APPICON_NAME = AppIcon;
				CODE_SIGN_STYLE = Automatic;
				INFOPLIST_FILE = RentMeMVP/Info.plist;
				LD_RUNPATH_SEARCH_PATHS = (
					"$(inherited)",
					"@executable_path/Frameworks",
				);
				PRODUCT_BUNDLE_IDENTIFIER = classes.RentMeMVP;
				PRODUCT_NAME = "$(TARGET_NAME)";
				TARGETED_DEVICE_FAMILY = "1,2";
			};
			name = Debug;
		};
		D3A544AF225C3DE400AC5647 /* Release */ = {
			isa = XCBuildConfiguration;
			baseConfigurationReference = 1AB1B867CE1B013548AB80AF /* Pods-RentMeMVP.release.xcconfig */;
			buildSettings = {
				ASSETCATALOG_COMPILER_APPICON_NAME = AppIcon;
				CODE_SIGN_STYLE = Automatic;
				INFOPLIST_FILE = RentMeMVP/Info.plist;
				LD_RUNPATH_SEARCH_PATHS = (
					"$(inherited)",
					"@executable_path/Frameworks",
				);
				PRODUCT_BUNDLE_IDENTIFIER = classes.RentMeMVP;
				PRODUCT_NAME = "$(TARGET_NAME)";
				TARGETED_DEVICE_FAMILY = "1,2";
			};
			name = Release;
		};
/* End XCBuildConfiguration section */

/* Begin XCConfigurationList section */
		D3A54492225C3DE300AC5647 /* Build configuration list for PBXProject "RentMeMVP" */ = {
			isa = XCConfigurationList;
			buildConfigurations = (
				D3A544AB225C3DE400AC5647 /* Debug */,
				D3A544AC225C3DE400AC5647 /* Release */,
			);
			defaultConfigurationIsVisible = 0;
			defaultConfigurationName = Release;
		};
		D3A544AD225C3DE400AC5647 /* Build configuration list for PBXNativeTarget "RentMeMVP" */ = {
			isa = XCConfigurationList;
			buildConfigurations = (
				D3A544AE225C3DE400AC5647 /* Debug */,
				D3A544AF225C3DE400AC5647 /* Release */,
			);
			defaultConfigurationIsVisible = 0;
			defaultConfigurationName = Release;
		};
/* End XCConfigurationList section */
	};
	rootObject = D3A5448F225C3DE300AC5647 /* Project object */;
}
